
Microsoft Visual Studio Solution File, Format Version 12.00
# Visual Studio 15
VisualStudioVersion = 15.0.26228.9
MinimumVisualStudioVersion = 10.0.40219.1
Project("{FAE04EC0-301F-11D3-BF4B-00C04F79EFBC}") = "OutSample001", "OutSample001\OutSample001.csproj", "{50E3303D-6102-4EB5-834C-0FBAA0B9AE3A}"
EndProject
Project("{2150E333-8FDC-42A3-9474-1A3956D46DE8}") = "OutSamples", "OutSamples", "{4A43F331-86A6-4971-A4D4-9B6A8C4A6D88}"
EndProject
Project("{2150E333-8FDC-42A3-9474-1A3956D46DE8}") = "ExpressionBodiedSamples", "ExpressionBodiedSamples", "{9B03DE21-1120-4339-AF35-6A405CB09F69}"
EndProject
Project("{FAE04EC0-301F-11D3-BF4B-00C04F79EFBC}") = "ExpressionBodiedSample001", "ExpressionBodiedSample001\ExpressionBodiedSample001.csproj", "{0A201484-E6C9-4726-B93F-C2A62FB5D792}"
EndProject
Project("{2150E333-8FDC-42A3-9474-1A3956D46DE8}") = "LocalFunctionSamples", "LocalFunctionSamples", "{F8B28736-85BB-4BBF-A03A-EA355E44E807}"
EndProject
Project("{FAE04EC0-301F-11D3-BF4B-00C04F79EFBC}") = "LocalFunctionSample001", "LocalFunctionSample001\LocalFunctionSample001.csproj", "{364A5D03-0CE2-4E60-BA30-362CFED5B95E}"
EndProject
Project("{FAE04EC0-301F-11D3-BF4B-00C04F79EFBC}") = "LocalFunctionSample002", "LocalFunctionSample002\LocalFunctionSample002.csproj", "{3AFBEFBD-B85D-4326-A613-61C2FB6A32A4}"
EndProject
Project("{FAE04EC0-301F-11D3-BF4B-00C04F79EFBC}") = "LocalFunctionSample003", "LocalFunctionSample003\LocalFunctionSample003.csproj", "{A27CCD7F-AA8B-4C15-83B6-8C5AB9792C0E}"
EndProject
Project("{2150E333-8FDC-42A3-9474-1A3956D46DE8}") = "NumericliteralSample", "NumericliteralSample", "{350707AC-5622-470F-877C-BEA58D293A10}"
EndProject
Project("{FAE04EC0-301F-11D3-BF4B-00C04F79EFBC}") = "NumericliteralSample", "NumericliteralSample\NumericliteralSample.csproj", "{C9F4DE14-5C17-4A82-93E3-40088F91061B}"
EndProject
Project("{2150E333-8FDC-42A3-9474-1A3956D46DE8}") = "PatternMatchingSamples", "PatternMatchingSamples", "{8B1EE952-3A52-42B1-B977-228AAFEC33DD}"
EndProject
Project("{FAE04EC0-301F-11D3-BF4B-00C04F79EFBC}") = "PatternMatchingSample001", "PatternMatchingSample001\PatternMatchingSample001.csproj", "{5ECDB183-9FAC-49E7-8DE4-E4D7A3833B54}"
EndProject
Project("{FAE04EC0-301F-11D3-BF4B-00C04F79EFBC}") = "PatternMatchingSample002", "PatternMatchingSample002\PatternMatchingSample002.csproj", "{5050FDF5-653C-47D9-9F0E-4196B63DAAAE}"
EndProject
Project("{FAE04EC0-301F-11D3-BF4B-00C04F79EFBC}") = "PatternMatchingSample003", "PatternMatchingSample003\PatternMatchingSample003.csproj", "{D18D7A30-B8A6-421B-8DC9-CAE379FFD68A}"
EndProject
Project("{FAE04EC0-301F-11D3-BF4B-00C04F79EFBC}") = "PatternMatchingSample004", "PatternMatchingSample004\PatternMatchingSample004.csproj", "{E30CDFF0-28AD-4379-92DE-83AD8D721FB7}"
EndProject
Project("{2150E333-8FDC-42A3-9474-1A3956D46DE8}") = "ReferenceOfVariableSamples", "ReferenceOfVariableSamples", "{ADB9057D-ABC1-4E28-AE99-A3EF4216B53F}"
EndProject
Project("{FAE04EC0-301F-11D3-BF4B-00C04F79EFBC}") = "ReferenceOfVariableSample001", "ReferenceOfVariableSample001\ReferenceOfVariableSample001.csproj", "{A833AA30-2BAA-447C-A4C3-6F6C73120BFB}"
EndProject
Project("{FAE04EC0-301F-11D3-BF4B-00C04F79EFBC}") = "ReferenceOfVariableSample002", "ReferenceOfVariableSample002\ReferenceOfVariableSample002.csproj", "{B8FE05D3-9CB5-4C86-A047-43B8EA564624}"
EndProject
Project("{FAE04EC0-301F-11D3-BF4B-00C04F79EFBC}") = "ReferenceOfVariableSample003", "ReferenceOfVariableSample003\ReferenceOfVariableSample003.csproj", "{F9F7A202-C0AC-4538-884B-BC7FE4106DBF}"
EndProject
Project("{FAE04EC0-301F-11D3-BF4B-00C04F79EFBC}") = "ReferenceOfVariableSample004", "ReferenceOfVariableSample004\ReferenceOfVariableSample004.csproj", "{72AC4D35-8B4A-4996-9FB2-023BA3227FF0}"
EndProject
Project("{2150E333-8FDC-42A3-9474-1A3956D46DE8}") = "ThrowExpressionSample", "ThrowExpressionSample", "{9BEE9BF1-3B57-4ED5-AF71-841E22A260EE}"
EndProject
Project("{FAE04EC0-301F-11D3-BF4B-00C04F79EFBC}") = "ThrowExpressionSample", "ThrowExpressionSample\ThrowExpressionSample.csproj", "{E8A6D708-2560-44B3-95B9-D452258AA879}"
EndProject
Project("{2150E333-8FDC-42A3-9474-1A3956D46DE8}") = "TupleSamples", "TupleSamples", "{7DA98E6C-C776-497C-B990-77C867B90882}"
EndProject
Project("{FAE04EC0-301F-11D3-BF4B-00C04F79EFBC}") = "TupleSample001", "TupleSample001\TupleSample001.csproj", "{4CAFE960-E5BC-414D-8AC7-7920164FB95F}"
EndProject
Project("{FAE04EC0-301F-11D3-BF4B-00C04F79EFBC}") = "TupleSample002", "TupleSample002\TupleSample002.csproj", "{A9060247-8E39-4C89-B505-A04986589464}"
EndProject
Project("{FAE04EC0-301F-11D3-BF4B-00C04F79EFBC}") = "TupleSample003", "TupleSample003\TupleSample003.csproj", "{6278ED18-1C2E-4BFF-96DF-565B0E04C1CA}"
EndProject
Project("{FAE04EC0-301F-11D3-BF4B-00C04F79EFBC}") = "TupleSample004", "TupleSample004\TupleSample004.csproj", "{048B8B68-0A7D-4939-AB0F-B18B2FB6CFA9}"
EndProject
Project("{FAE04EC0-301F-11D3-BF4B-00C04F79EFBC}") = "TupleSample005", "TupleSample005\TupleSample005.csproj", "{21B8532A-4BDA-4584-A284-9DCA2D380B1C}"
EndProject
Project("{2150E333-8FDC-42A3-9474-1A3956D46DE8}") = "ValueTaskSample", "ValueTaskSample", "{F59A5FA0-3F19-42B8-BBDF-F20EA1204DA4}"
EndProject
Project("{FAE04EC0-301F-11D3-BF4B-00C04F79EFBC}") = "ValueTaskSample", "ValueTaskSample\ValueTaskSample.csproj", "{A60C5C5E-17E6-45F2-872E-82FD0E4D8120}"
EndProject
Global
	GlobalSection(SolutionConfigurationPlatforms) = preSolution
		Debug|Any CPU = Debug|Any CPU
		Release|Any CPU = Release|Any CPU
	EndGlobalSection
	GlobalSection(ProjectConfigurationPlatforms) = postSolution
		{50E3303D-6102-4EB5-834C-0FBAA0B9AE3A}.Debug|Any CPU.ActiveCfg = Debug|Any CPU
		{50E3303D-6102-4EB5-834C-0FBAA0B9AE3A}.Debug|Any CPU.Build.0 = Debug|Any CPU
		{50E3303D-6102-4EB5-834C-0FBAA0B9AE3A}.Release|Any CPU.ActiveCfg = Release|Any CPU
		{50E3303D-6102-4EB5-834C-0FBAA0B9AE3A}.Release|Any CPU.Build.0 = Release|Any CPU
		{0A201484-E6C9-4726-B93F-C2A62FB5D792}.Debug|Any CPU.ActiveCfg = Debug|Any CPU
		{0A201484-E6C9-4726-B93F-C2A62FB5D792}.Debug|Any CPU.Build.0 = Debug|Any CPU
		{0A201484-E6C9-4726-B93F-C2A62FB5D792}.Release|Any CPU.ActiveCfg = Release|Any CPU
		{0A201484-E6C9-4726-B93F-C2A62FB5D792}.Release|Any CPU.Build.0 = Release|Any CPU
		{364A5D03-0CE2-4E60-BA30-362CFED5B95E}.Debug|Any CPU.ActiveCfg = Debug|Any CPU
		{364A5D03-0CE2-4E60-BA30-362CFED5B95E}.Debug|Any CPU.Build.0 = Debug|Any CPU
		{364A5D03-0CE2-4E60-BA30-362CFED5B95E}.Release|Any CPU.ActiveCfg = Release|Any CPU
		{364A5D03-0CE2-4E60-BA30-362CFED5B95E}.Release|Any CPU.Build.0 = Release|Any CPU
		{3AFBEFBD-B85D-4326-A613-61C2FB6A32A4}.Debug|Any CPU.ActiveCfg = Debug|Any CPU
		{3AFBEFBD-B85D-4326-A613-61C2FB6A32A4}.Debug|Any CPU.Build.0 = Debug|Any CPU
		{3AFBEFBD-B85D-4326-A613-61C2FB6A32A4}.Release|Any CPU.ActiveCfg = Release|Any CPU
		{3AFBEFBD-B85D-4326-A613-61C2FB6A32A4}.Release|Any CPU.Build.0 = Release|Any CPU
		{A27CCD7F-AA8B-4C15-83B6-8C5AB9792C0E}.Debug|Any CPU.ActiveCfg = Debug|Any CPU
		{A27CCD7F-AA8B-4C15-83B6-8C5AB9792C0E}.Debug|Any CPU.Build.0 = Debug|Any CPU
		{A27CCD7F-AA8B-4C15-83B6-8C5AB9792C0E}.Release|Any CPU.ActiveCfg = Release|Any CPU
		{A27CCD7F-AA8B-4C15-83B6-8C5AB9792C0E}.Release|Any CPU.Build.0 = Release|Any CPU
		{C9F4DE14-5C17-4A82-93E3-40088F91061B}.Debug|Any CPU.ActiveCfg = Debug|Any CPU
		{C9F4DE14-5C17-4A82-93E3-40088F91061B}.Debug|Any CPU.Build.0 = Debug|Any CPU
		{C9F4DE14-5C17-4A82-93E3-40088F91061B}.Release|Any CPU.ActiveCfg = Release|Any CPU
		{C9F4DE14-5C17-4A82-93E3-40088F91061B}.Release|Any CPU.Build.0 = Release|Any CPU
		{5ECDB183-9FAC-49E7-8DE4-E4D7A3833B54}.Debug|Any CPU.ActiveCfg = Debug|Any CPU
		{5ECDB183-9FAC-49E7-8DE4-E4D7A3833B54}.Debug|Any CPU.Build.0 = Debug|Any CPU
		{5ECDB183-9FAC-49E7-8DE4-E4D7A3833B54}.Release|Any CPU.ActiveCfg = Release|Any CPU
		{5ECDB183-9FAC-49E7-8DE4-E4D7A3833B54}.Release|Any CPU.Build.0 = Release|Any CPU
		{5050FDF5-653C-47D9-9F0E-4196B63DAAAE}.Debug|Any CPU.ActiveCfg = Debug|Any CPU
		{5050FDF5-653C-47D9-9F0E-4196B63DAAAE}.Debug|Any CPU.Build.0 = Debug|Any CPU
		{5050FDF5-653C-47D9-9F0E-4196B63DAAAE}.Release|Any CPU.ActiveCfg = Release|Any CPU
		{5050FDF5-653C-47D9-9F0E-4196B63DAAAE}.Release|Any CPU.Build.0 = Release|Any CPU
		{D18D7A30-B8A6-421B-8DC9-CAE379FFD68A}.Debug|Any CPU.ActiveCfg = Debug|Any CPU
		{D18D7A30-B8A6-421B-8DC9-CAE379FFD68A}.Debug|Any CPU.Build.0 = Debug|Any CPU
		{D18D7A30-B8A6-421B-8DC9-CAE379FFD68A}.Release|Any CPU.ActiveCfg = Release|Any CPU
		{D18D7A30-B8A6-421B-8DC9-CAE379FFD68A}.Release|Any CPU.Build.0 = Release|Any CPU
		{E30CDFF0-28AD-4379-92DE-83AD8D721FB7}.Debug|Any CPU.ActiveCfg = Debug|Any CPU
		{E30CDFF0-28AD-4379-92DE-83AD8D721FB7}.Debug|Any CPU.Build.0 = Debug|Any CPU
		{E30CDFF0-28AD-4379-92DE-83AD8D721FB7}.Release|Any CPU.ActiveCfg = Release|Any CPU
		{E30CDFF0-28AD-4379-92DE-83AD8D721FB7}.Release|Any CPU.Build.0 = Release|Any CPU
		{A833AA30-2BAA-447C-A4C3-6F6C73120BFB}.Debug|Any CPU.ActiveCfg = Debug|Any CPU
		{A833AA30-2BAA-447C-A4C3-6F6C73120BFB}.Debug|Any CPU.Build.0 = Debug|Any CPU
		{A833AA30-2BAA-447C-A4C3-6F6C73120BFB}.Release|Any CPU.ActiveCfg = Release|Any CPU
		{A833AA30-2BAA-447C-A4C3-6F6C73120BFB}.Release|Any CPU.Build.0 = Release|Any CPU
		{B8FE05D3-9CB5-4C86-A047-43B8EA564624}.Debug|Any CPU.ActiveCfg = Debug|Any CPU
		{B8FE05D3-9CB5-4C86-A047-43B8EA564624}.Debug|Any CPU.Build.0 = Debug|Any CPU
		{B8FE05D3-9CB5-4C86-A047-43B8EA564624}.Release|Any CPU.ActiveCfg = Release|Any CPU
		{B8FE05D3-9CB5-4C86-A047-43B8EA564624}.Release|Any CPU.Build.0 = Release|Any CPU
		{F9F7A202-C0AC-4538-884B-BC7FE4106DBF}.Debug|Any CPU.ActiveCfg = Debug|Any CPU
		{F9F7A202-C0AC-4538-884B-BC7FE4106DBF}.Debug|Any CPU.Build.0 = Debug|Any CPU
		{F9F7A202-C0AC-4538-884B-BC7FE4106DBF}.Release|Any CPU.ActiveCfg = Release|Any CPU
		{F9F7A202-C0AC-4538-884B-BC7FE4106DBF}.Release|Any CPU.Build.0 = Release|Any CPU
		{72AC4D35-8B4A-4996-9FB2-023BA3227FF0}.Debug|Any CPU.ActiveCfg = Debug|Any CPU
		{72AC4D35-8B4A-4996-9FB2-023BA3227FF0}.Debug|Any CPU.Build.0 = Debug|Any CPU
		{72AC4D35-8B4A-4996-9FB2-023BA3227FF0}.Release|Any CPU.ActiveCfg = Release|Any CPU
		{72AC4D35-8B4A-4996-9FB2-023BA3227FF0}.Release|Any CPU.Build.0 = Release|Any CPU
		{E8A6D708-2560-44B3-95B9-D452258AA879}.Debug|Any CPU.ActiveCfg = Debug|Any CPU
		{E8A6D708-2560-44B3-95B9-D452258AA879}.Debug|Any CPU.Build.0 = Debug|Any CPU
		{E8A6D708-2560-44B3-95B9-D452258AA879}.Release|Any CPU.ActiveCfg = Release|Any CPU
		{E8A6D708-2560-44B3-95B9-D452258AA879}.Release|Any CPU.Build.0 = Release|Any CPU
		{4CAFE960-E5BC-414D-8AC7-7920164FB95F}.Debug|Any CPU.ActiveCfg = Debug|Any CPU
		{4CAFE960-E5BC-414D-8AC7-7920164FB95F}.Debug|Any CPU.Build.0 = Debug|Any CPU
		{4CAFE960-E5BC-414D-8AC7-7920164FB95F}.Release|Any CPU.ActiveCfg = Release|Any CPU
		{4CAFE960-E5BC-414D-8AC7-7920164FB95F}.Release|Any CPU.Build.0 = Release|Any CPU
		{A9060247-8E39-4C89-B505-A04986589464}.Debug|Any CPU.ActiveCfg = Debug|Any CPU
		{A9060247-8E39-4C89-B505-A04986589464}.Debug|Any CPU.Build.0 = Debug|Any CPU
		{A9060247-8E39-4C89-B505-A04986589464}.Release|Any CPU.ActiveCfg = Release|Any CPU
		{A9060247-8E39-4C89-B505-A04986589464}.Release|Any CPU.Build.0 = Release|Any CPU
		{6278ED18-1C2E-4BFF-96DF-565B0E04C1CA}.Debug|Any CPU.ActiveCfg = Debug|Any CPU
		{6278ED18-1C2E-4BFF-96DF-565B0E04C1CA}.Debug|Any CPU.Build.0 = Debug|Any CPU
		{6278ED18-1C2E-4BFF-96DF-565B0E04C1CA}.Release|Any CPU.ActiveCfg = Release|Any CPU
		{6278ED18-1C2E-4BFF-96DF-565B0E04C1CA}.Release|Any CPU.Build.0 = Release|Any CPU
		{048B8B68-0A7D-4939-AB0F-B18B2FB6CFA9}.Debug|Any CPU.ActiveCfg = Debug|Any CPU
		{048B8B68-0A7D-4939-AB0F-B18B2FB6CFA9}.Debug|Any CPU.Build.0 = Debug|Any CPU
		{048B8B68-0A7D-4939-AB0F-B18B2FB6CFA9}.Release|Any CPU.ActiveCfg = Release|Any CPU
		{048B8B68-0A7D-4939-AB0F-B18B2FB6CFA9}.Release|Any CPU.Build.0 = Release|Any CPU
		{21B8532A-4BDA-4584-A284-9DCA2D380B1C}.Debug|Any CPU.ActiveCfg = Debug|Any CPU
		{21B8532A-4BDA-4584-A284-9DCA2D380B1C}.Debug|Any CPU.Build.0 = Debug|Any CPU
		{21B8532A-4BDA-4584-A284-9DCA2D380B1C}.Release|Any CPU.ActiveCfg = Release|Any CPU
		{21B8532A-4BDA-4584-A284-9DCA2D380B1C}.Release|Any CPU.Build.0 = Release|Any CPU
		{A60C5C5E-17E6-45F2-872E-82FD0E4D8120}.Debug|Any CPU.ActiveCfg = Debug|Any CPU
		{A60C5C5E-17E6-45F2-872E-82FD0E4D8120}.Debug|Any CPU.Build.0 = Debug|Any CPU
		{A60C5C5E-17E6-45F2-872E-82FD0E4D8120}.Release|Any CPU.ActiveCfg = Release|Any CPU
		{A60C5C5E-17E6-45F2-872E-82FD0E4D8120}.Release|Any CPU.Build.0 = Release|Any CPU
	EndGlobalSection
	GlobalSection(SolutionProperties) = preSolution
		HideSolutionNode = FALSE
	EndGlobalSection
	GlobalSection(NestedProjects) = preSolution
		{50E3303D-6102-4EB5-834C-0FBAA0B9AE3A} = {4A43F331-86A6-4971-A4D4-9B6A8C4A6D88}
		{0A201484-E6C9-4726-B93F-C2A62FB5D792} = {9B03DE21-1120-4339-AF35-6A405CB09F69}
		{364A5D03-0CE2-4E60-BA30-362CFED5B95E} = {F8B28736-85BB-4BBF-A03A-EA355E44E807}
		{3AFBEFBD-B85D-4326-A613-61C2FB6A32A4} = {F8B28736-85BB-4BBF-A03A-EA355E44E807}
		{A27CCD7F-AA8B-4C15-83B6-8C5AB9792C0E} = {F8B28736-85BB-4BBF-A03A-EA355E44E807}
		{C9F4DE14-5C17-4A82-93E3-40088F91061B} = {350707AC-5622-470F-877C-BEA58D293A10}
		{5ECDB183-9FAC-49E7-8DE4-E4D7A3833B54} = {8B1EE952-3A52-42B1-B977-228AAFEC33DD}
		{5050FDF5-653C-47D9-9F0E-4196B63DAAAE} = {8B1EE952-3A52-42B1-B977-228AAFEC33DD}
		{D18D7A30-B8A6-421B-8DC9-CAE379FFD68A} = {8B1EE952-3A52-42B1-B977-228AAFEC33DD}
		{E30CDFF0-28AD-4379-92DE-83AD8D721FB7} = {8B1EE952-3A52-42B1-B977-228AAFEC33DD}
		{A833AA30-2BAA-447C-A4C3-6F6C73120BFB} = {ADB9057D-ABC1-4E28-AE99-A3EF4216B53F}
		{B8FE05D3-9CB5-4C86-A047-43B8EA564624} = {ADB9057D-ABC1-4E28-AE99-A3EF4216B53F}
		{F9F7A202-C0AC-4538-884B-BC7FE4106DBF} = {ADB9057D-ABC1-4E28-AE99-A3EF4216B53F}
		{72AC4D35-8B4A-4996-9FB2-023BA3227FF0} = {ADB9057D-ABC1-4E28-AE99-A3EF4216B53F}
		{E8A6D708-2560-44B3-95B9-D452258AA879} = {9BEE9BF1-3B57-4ED5-AF71-841E22A260EE}
		{4CAFE960-E5BC-414D-8AC7-7920164FB95F} = {7DA98E6C-C776-497C-B990-77C867B90882}
		{A9060247-8E39-4C89-B505-A04986589464} = {7DA98E6C-C776-497C-B990-77C867B90882}
		{6278ED18-1C2E-4BFF-96DF-565B0E04C1CA} = {7DA98E6C-C776-497C-B990-77C867B90882}
		{048B8B68-0A7D-4939-AB0F-B18B2FB6CFA9} = {7DA98E6C-C776-497C-B990-77C867B90882}
		{21B8532A-4BDA-4584-A284-9DCA2D380B1C} = {7DA98E6C-C776-497C-B990-77C867B90882}
		{A60C5C5E-17E6-45F2-872E-82FD0E4D8120} = {F59A5FA0-3F19-42B8-BBDF-F20EA1204DA4}
	EndGlobalSection
EndGlobal
